PATH
  remote: .
  specs:
    fast_xml_reader (1.0.0)

GEM
  remote: https://rubygems.org/
  specs:
    minitest (5.27.0)
    rake (13.3.1)
    rake-compiler (1.3.1)
      rake

PLATFORMS
  arm64-darwin-25
  ruby

DEPENDENCIES
  fast_xml_reader!
  minitest (~> 5.0)
  rake (~> 13.0)
  rake-compiler (~> 1.0)

BUNDLED WITH
   2.6.9
